
Microsoft Visual Studio Solution File, Format Version 12.00
# Visual Studio Version 16
VisualStudioVersion = 16.0.31105.61
MinimumVisualStudioVersion = 10.0.40219.1
Project("{FAE04EC0-301F-11D3-BF4B-00C04F79EFBC}") = "InterfazTiendita", "InterfazTiendita.csproj", "{3A80E964-20F9-408C-9100-52E59AD48E1E}"
EndProject
Global
	GlobalSection(SolutionConfigurationPlatforms) = preSolution
		Debug|Any CPU = Debug|Any CPU
		Release|Any CPU = Release|Any CPU
	EndGlobalSection
	GlobalSection(ProjectConfigurationPlatforms) = postSolution
		{3A80E964-20F9-408C-9100-52E59AD48E1E}.Debug|Any CPU.ActiveCfg = Debug|Any CPU
		{3A80E964-20F9-408C-9100-52E59AD48E1E}.Debug|Any CPU.Build.0 = Debug|Any CPU
		{3A80E964-20F9-408C-9100-52E59AD48E1E}.Release|Any CPU.ActiveCfg = Release|Any CPU
		{3A80E964-20F9-408C-9100-52E59AD48E1E}.Release|Any CPU.Build.0 = Release|Any CPU
	EndGlobalSection
	GlobalSection(SolutionProperties) = preSolution
		HideSolutionNode = FALSE
	EndGlobalSection
	GlobalSection(ExtensibilityGlobals) = postSolution
		SolutionGuid = {48638A88-875A-49FF-89F6-C38381F54262}
	EndGlobalSection
EndGlobal
